
Microsoft Visual Studio Solution File, Format Version 12.00
# Visual Studio Version 16
VisualStudioVersion = 16.0.32126.315
MinimumVisualStudioVersion = 10.0.40219.1
Project("{9A19103F-16F7-4668-BE54-9A1E7A4F7556}") = "ikili_taban", "ikili_taban\ikili_taban.csproj", "{42C4BE0A-233A-413D-BFCB-45593A553192}"
EndProject
Project("{9A19103F-16F7-4668-BE54-9A1E7A4F7556}") = "Stenografi", "Stenografi\Stenografi.csproj", "{E9630F45-1724-40AE-80DD-EEF3281099A5}"
EndProject
Project("{FAE04EC0-301F-11D3-BF4B-00C04F79EFBC}") = "Stenografi_sifrecozme", "Stenografi_sifrecozme\Stenografi_sifrecozme.csproj", "{67EC5CB8-E2AA-4648-836E-C71B403E8D63}"
EndProject
Global
	GlobalSection(SolutionConfigurationPlatforms) = preSolution
		Debug|Any CPU = Debug|Any CPU
		Release|Any CPU = Release|Any CPU
	EndGlobalSection
	GlobalSection(ProjectConfigurationPlatforms) = postSolution
		{42C4BE0A-233A-413D-BFCB-45593A553192}.Debug|Any CPU.ActiveCfg = Debug|Any CPU
		{42C4BE0A-233A-413D-BFCB-45593A553192}.Debug|Any CPU.Build.0 = Debug|Any CPU
		{42C4BE0A-233A-413D-BFCB-45593A553192}.Release|Any CPU.ActiveCfg = Release|Any CPU
		{42C4BE0A-233A-413D-BFCB-45593A553192}.Release|Any CPU.Build.0 = Release|Any CPU
		{E9630F45-1724-40AE-80DD-EEF3281099A5}.Debug|Any CPU.ActiveCfg = Debug|Any CPU
		{E9630F45-1724-40AE-80DD-EEF3281099A5}.Debug|Any CPU.Build.0 = Debug|Any CPU
		{E9630F45-1724-40AE-80DD-EEF3281099A5}.Release|Any CPU.ActiveCfg = Release|Any CPU
		{E9630F45-1724-40AE-80DD-EEF3281099A5}.Release|Any CPU.Build.0 = Release|Any CPU
		{67EC5CB8-E2AA-4648-836E-C71B403E8D63}.Debug|Any CPU.ActiveCfg = Debug|Any CPU
		{67EC5CB8-E2AA-4648-836E-C71B403E8D63}.Debug|Any CPU.Build.0 = Debug|Any CPU
		{67EC5CB8-E2AA-4648-836E-C71B403E8D63}.Release|Any CPU.ActiveCfg = Release|Any CPU
		{67EC5CB8-E2AA-4648-836E-C71B403E8D63}.Release|Any CPU.Build.0 = Release|Any CPU
	EndGlobalSection
	GlobalSection(SolutionProperties) = preSolution
		HideSolutionNode = FALSE
	EndGlobalSection
	GlobalSection(ExtensibilityGlobals) = postSolution
		SolutionGuid = {343B435E-F018-4BB7-ACBA-7EB822EB0D12}
	EndGlobalSection
EndGlobal
